
Microsoft Visual Studio Solution File, Format Version 12.00
# Visual Studio Version 16
VisualStudioVersion = 16.0.31727.386
MinimumVisualStudioVersion = 10.0.40219.1
Project("{9A19103F-16F7-4668-BE54-9A1E7A4F7556}") = "Dependency.Common", "Dependency.Common\Dependency.Common.csproj", "{9147B2B6-98E9-4CB2-B8EF-59EAD003D3C7}"
EndProject
Project("{9A19103F-16F7-4668-BE54-9A1E7A4F7556}") = "Dependency.Console", "Dependency.Console\Dependency.Console.csproj", "{4F1660E8-8042-436F-8502-E99BDA6C90A7}"
EndProject
Project("{9A19103F-16F7-4668-BE54-9A1E7A4F7556}") = "Dependency.DataAccess", "Dependency.DataAccess\Dependency.DataAccess.csproj", "{27787A68-C98B-4771-A5F4-709D67C1780F}"
EndProject
Project("{9A19103F-16F7-4668-BE54-9A1E7A4F7556}") = "Dependency.Service", "Dependency.Service\Dependency.Service.csproj", "{14E10F9E-33A6-4DE0-8C80-00FC816E5E0F}"
EndProject
Global
	GlobalSection(SolutionConfigurationPlatforms) = preSolution
		Debug|Any CPU = Debug|Any CPU
		Release|Any CPU = Release|Any CPU
	EndGlobalSection
	GlobalSection(ProjectConfigurationPlatforms) = postSolution
		{9147B2B6-98E9-4CB2-B8EF-59EAD003D3C7}.Debug|Any CPU.ActiveCfg = Debug|Any CPU
		{9147B2B6-98E9-4CB2-B8EF-59EAD003D3C7}.Debug|Any CPU.Build.0 = Debug|Any CPU
		{9147B2B6-98E9-4CB2-B8EF-59EAD003D3C7}.Release|Any CPU.ActiveCfg = Release|Any CPU
		{9147B2B6-98E9-4CB2-B8EF-59EAD003D3C7}.Release|Any CPU.Build.0 = Release|Any CPU
		{4F1660E8-8042-436F-8502-E99BDA6C90A7}.Debug|Any CPU.ActiveCfg = Debug|Any CPU
		{4F1660E8-8042-436F-8502-E99BDA6C90A7}.Debug|Any CPU.Build.0 = Debug|Any CPU
		{4F1660E8-8042-436F-8502-E99BDA6C90A7}.Release|Any CPU.ActiveCfg = Release|Any CPU
		{4F1660E8-8042-436F-8502-E99BDA6C90A7}.Release|Any CPU.Build.0 = Release|Any CPU
		{27787A68-C98B-4771-A5F4-709D67C1780F}.Debug|Any CPU.ActiveCfg = Debug|Any CPU
		{27787A68-C98B-4771-A5F4-709D67C1780F}.Debug|Any CPU.Build.0 = Debug|Any CPU
		{27787A68-C98B-4771-A5F4-709D67C1780F}.Release|Any CPU.ActiveCfg = Release|Any CPU
		{27787A68-C98B-4771-A5F4-709D67C1780F}.Release|Any CPU.Build.0 = Release|Any CPU
		{14E10F9E-33A6-4DE0-8C80-00FC816E5E0F}.Debug|Any CPU.ActiveCfg = Debug|Any CPU
		{14E10F9E-33A6-4DE0-8C80-00FC816E5E0F}.Debug|Any CPU.Build.0 = Debug|Any CPU
		{14E10F9E-33A6-4DE0-8C80-00FC816E5E0F}.Release|Any CPU.ActiveCfg = Release|Any CPU
		{14E10F9E-33A6-4DE0-8C80-00FC816E5E0F}.Release|Any CPU.Build.0 = Release|Any CPU
	EndGlobalSection
	GlobalSection(SolutionProperties) = preSolution
		HideSolutionNode = FALSE
	EndGlobalSection
	GlobalSection(ExtensibilityGlobals) = postSolution
		SolutionGuid = {FCFE2375-7214-425F-B5A7-14BDB7AF7AE6}
	EndGlobalSection
EndGlobal
